<?xml version="1.0" encoding="utf-8"?>
<Project ToolsVersion="4.0" xmlns="http://schemas.microsoft.com/developer/msbuild/2003">
  <ItemGroup>
    <ClCompile Include="Graph.cpp">
      <Filter>src</Filter>
    </ClCompile>
    <ClCompile Include="main.cpp">
      <Filter>src</Filter>
    </ClCompile>
    <ClCompile Include="Node.cpp">
      <Filter>src</Filter>
    </ClCompile>
    <ClCompile Include="DFSAlgorithms.cpp">
      <Filter>src</Filter>
    </ClCompile>
  </ItemGroup>
  <ItemGroup>
    <ClInclude Include="Node.h">
      <Filter>headers</Filter>
    </ClInclude>
    <ClInclude Include="Graph.h">
      <Filter>headers</Filter>
    </ClInclude>
    <ClInclude Include="DFSAlgorithms.h">
      <Filter>headers</Filter>
    </ClInclude>
  </ItemGroup>
  <ItemGroup>
    <Text Include="Graph1.txt" />
    <Text Include="Graph2.txt" />
    <Text Include="Graph3.txt" />
  </ItemGroup>
  <ItemGroup>
    <Filter Include="src">
      <UniqueIdentifier>{bda91606-9def-486c-b79e-fb43f91f1ab8}</UniqueIdentifier>
    </Filter>
    <Filter Include="headers">
      <UniqueIdentifier>{85b14059-f625-4781-95f4-508550c7912f}</UniqueIdentifier>
    </Filter>
  </ItemGroup>
</Project>